{
  "version": 2,
  "dependencies": {
    ".NETStandard,Version=v2.0": {
      "Microsoft.SourceLink.GitHub": {
        "type": "Direct",
        "requested": "[10.0.200, )",
        "resolved": "10.0.200",
        "contentHash": "jZ34WRkUOZJX5V0FPhZJqtWSY+YB6/Vuuam1LGUwRzyYiRgs5qpAHHcrsckHCISjxXklGPwqh8j8t1g460PG1g==",
        "dependencies": {
          "Microsoft.Build.Tasks.Git": "10.0.200",
          "Microsoft.SourceLink.Common": "10.0.200",
          "System.IO.Hashing": "10.0.4"
        },
        "nupkgSha512": "sha512-wmDYH+gPGflbg1JJ8CSG8O4zl/DyewmKMw/8hq7aU37D6c2rTh3Sv7h/gfDa0WrYlwrLRjP7LOtxHvP++XYMOA=="
      },
      "MinVer": {
        "type": "Direct",
        "requested": "[7.0.0, )",
        "resolved": "7.0.0",
        "contentHash": "2lMTCQl5bGP4iv0JNkockPnyllC6eHLz+CoK2ICvalvHod+exXSxueu9hq+zNkU7bZBJf8wMfeRC/Edn8AGmEg==",
        "nupkgSha512": "sha512-y6bHmVna6XputVcL573+MPYpANfuD47ihdQU/5Sorw6PBYdPgtXrr1qTk8UMR7WGFJvlFUZY7W5skwfll/KvCQ=="
      },
      "NETStandard.Library": {
        "type": "Direct",
        "requested": "[2.0.3, )",
        "resolved": "2.0.3",
        "contentHash": "st47PosZSHrjECdjeIzZQbzivYBJFv6P2nv4cj2ypdI204DO+vZ7l5raGMiX4eXMJ53RfOIg+/s4DHVZ54Nu2A==",
        "dependencies": {
          "Microsoft.NETCore.Platforms": "1.1.0"
        },
        "nupkgSha512": "sha512-548M6mnBSJWxsIlkQHfbzoYxpiYFXZZSL00p4GHYv8PkiqFBnnT68mW5mGEsA/ch9fDO9GkPgkFQpWiXZN7mAQ=="
      },
      "Polyfill": {
        "type": "Direct",
        "requested": "[9.18.0, )",
        "resolved": "9.18.0",
        "contentHash": "jlgewzgbgEFIoplbpdWNPKo/+R9ELej0iL1sdKrVeMzQ0aZCvRCdi/X/4AjRaBqkXoDTWFrOjgVXRukZYSVO+w==",
        "nupkgSha512": "sha512-9Au0Wy5ZPh30N5PgPuo39QzTSpZjyTBe+l6HangK+6l/nOWJdinMxaRvrrkdncOtElr3QAFlPh6ATiVihVESrg=="
      },
      "Roslynator.Analyzers": {
        "type": "Direct",
        "requested": "[4.15.0, )",
        "resolved": "4.15.0",
        "contentHash": "E8fu71Y+vzhniJKy1K13Rzwm8Vjcj7CDFBpflqncKUZfc3SzuF0kMBiyMmgXNPkjWTdE3Z+30HlGgYjHONZY/Q==",
        "nupkgSha512": "sha512-xRJQH6MW5XphhAwGCXfh+/qJFcb7x/0VoX8y9dJjDHU4609CFDL6ARemlKBLZQy4j56EGVVMigGBtFSG3IPDfw=="
      },
      "Wcwidth.Sources": {
        "type": "Direct",
        "requested": "[4.0.1, )",
        "resolved": "4.0.1",
        "contentHash": "LwdI2GZl7VRDj3AoKgBlRAWtvq8WECa/9RnUVUQ0ud5gAD6QMVlzc71eqLu9EJVSX7DZ2/lB5y2DPdQPeOuRUQ==",
        "nupkgSha512": "sha512-XphSDeLoiKZRWqVKlH5PvUI667NTKvnjoEi+MfZ/c2DYkDfq/e0Gv1YK78CYR767slxVK3wnXYujNNrSSEfrGA=="
      },
      "Microsoft.Build.Tasks.Git": {
        "type": "Transitive",
        "resolved": "10.0.200",
        "contentHash": "UvGsrIcmqICxi0OiQ3ekgXVM9DJQQG0dkhxvp0RNkv4aH5zAbjX0/LWgz64SrkQS2mme+1dz2pMnM/R4vOI1AQ==",
        "dependencies": {
          "System.IO.Hashing": "10.0.4"
        },
        "nupkgSha512": "sha512-NGn2H6brRMgMwXi2lTga3uKma1t/qUjec8d3ItMk2p40i4QDz8nRgfDNFmOYD4npSEil1q8s9sdR5OcZ1vI0Uw=="
      },
      "Microsoft.NETCore.Platforms": {
        "type": "Transitive",
        "resolved": "1.1.0",
        "contentHash": "kz0PEW2lhqygehI/d6XsPCQzD7ff7gUJaVGPVETX611eadGsA3A877GdSlU0LRVMCTH/+P3o2iDTak+S08V2+A==",
        "nupkgSha512": "sha512-a/iSwnRZb+LHFk49hQOyThh/ZNC3vsbZsF65XwQIb863qF6msmhdQtxGXFL28Ob2NsCz/drEj28BJd/YPpLRBg=="
      },
      "Microsoft.SourceLink.Common": {
        "type": "Transitive",
        "resolved": "10.0.200",
        "contentHash": "FxaSq+pMA7BS5dA5DXs0FscrvYzi6Rtm/zcU/ZMHV22lMIk07jz0WZdrWERQ9TJNARkne+z1Coow/a0w5Wl4yQ==",
        "nupkgSha512": "sha512-g71DxxVaBX/y0nlLlVAtrxcR9K9z4H2IOWQs3FzCPbASW+uD8Hlxq1NLkDhg8S0kBVF9rcODcNbGvIZMGkpOFg=="
      },
      "System.Buffers": {
        "type": "Transitive",
        "resolved": "4.6.1",
        "contentHash": "N8GXpmiLMtljq7gwvyS+1QvKT/W2J8sNAvx+HVg4NGmsG/H+2k/y9QI23auLJRterrzCiDH+IWAw4V/GPwsMlw==",
        "nupkgSha512": "sha512-qve/dFwECwehSWlZmpkrrlIeATCvo/Hw2koyMrUVcDBy5gXAQrnwX8pHEoqgj8DgkrWuWW1DrQbFqoMbo+Fvrg=="
      },
      "System.IO.Hashing": {
        "type": "Transitive",
        "resolved": "10.0.4",
        "contentHash": "D5nHu/rBFu2mUyqyWWCTPxqvQisJKIqK/GU3X6BQbYIFYBDHTvUXToyv0oSszS26/6oTghWiA+oGqhgwGgTefw==",
        "dependencies": {
          "System.Buffers": "4.6.1",
          "System.Memory": "4.6.3"
        },
        "nupkgSha512": "sha512-flCdWhCrfcpBSif9R3bwtsIwQP2MY4TcUJ0/zlQafnW9A7vSW7QXnt4WJT5aYYmock2AHIVRsWrYSeLIVuCoQg=="
      },
      "System.Numerics.Vectors": {
        "type": "Transitive",
        "resolved": "4.6.1",
        "contentHash": "sQxefTnhagrhoq2ReR0D/6K0zJcr9Hrd6kikeXsA1I8kOCboTavcUC4r7TSfpKFeE163uMuxZcyfO1mGO3EN8Q==",
        "nupkgSha512": "sha512-/rkvpUeUPlCY/2qYVQKiUsj5IKaXZcy2+SQAGAfemAdyEF5AgIgYOFNSTMWDXo09JWFX9HB+wV1yCyi2Mwi3TA=="
      },
      "System.Runtime.CompilerServices.Unsafe": {
        "type": "Transitive",
        "resolved": "6.1.2",
        "contentHash": "2hBr6zdbIBTDE3EhK7NSVNdX58uTK6iHW/P/Axmm9sl1xoGSLqDvMtpecn226TNwHByFokYwJmt/aQQNlO5CRw==",
        "nupkgSha512": "sha512-t2aXWJZBkAkRrTOnw31OBELKEVSDD5YvC3O5dXaHFsR66/nRTKm1y3Iq6NwFI5u5IlKrWYfdan66V+GKKkY8hQ=="
      },
      "System.Memory": {
        "type": "CentralTransitive",
        "requested": "[4.6.3, )",
        "resolved": "4.6.3",
        "contentHash": "qdcDOgnFZY40+Q9876JUHnlHu7bosOHX8XISRoH94fwk6hgaeQGSgfZd8srWRZNt5bV9ZW2TljcegDNxsf+96A==",
        "dependencies": {
          "System.Buffers": "4.6.1",
          "System.Numerics.Vectors": "4.6.1",
          "System.Runtime.CompilerServices.Unsafe": "6.1.2"
        },
        "nupkgSha512": "sha512-NXcNYlWoXe5cz9sb8Huo6x2dCZVYkhwKtgE00n/MoI8V4ZI/7/t+EI5bOhQFlZfFjjqM8+U6prjU/aARt7H/tA=="
      },
      "IsExternalInit": {
        "type": "Direct",
        "requested": "[1.0.3, )",
        "resolved": "1.0.3",
        "contentHash": "jcdN7vpDwjnV7U9KGCv/oNIWHJ/RIbyrpVsLQL2qbj6Cbi5U3iafKsaMn1rP+qCbkLbkB0v6oAwbVEkqrUnlyg==",
        "nupkgSha512": "sha512-jAMHC4QvXRql/fmQQybPc0gLKXTACK9pfLw3sNB1Y5LZapChArKhXMo84sMkhl6VfCgcbinqB/JDU0S4EQ/Q1w=="
      },
      "Microsoft.CodeAnalysis.Analyzers": {
        "type": "Direct",
        "requested": "[5.3.0, )",
        "resolved": "5.3.0",
        "contentHash": "KuLhbZwB0L8JikL86AE5VWEp3RLNjIcp+j8yz9EJ/UBgRz4+qDEjHg/tluRFbpYpD/e37BqaaNFbQ0vqawBwWQ==",
        "nupkgSha512": "sha512-v9jPlSs/fE7AU2/eZOw5EUzq0JOaWgP+2gghwIP2XbbTv56PZZZsy1QgEiMa3jjO8hR8SN1+NJvG1xxHL2FDgw=="
      },
      "Microsoft.CodeAnalysis.CSharp": {
        "type": "Direct",
        "requested": "[5.3.0, )",
        "resolved": "5.3.0",
        "contentHash": "SQFNGQF4f7UfDXKxMzzGNMr3fjrPDIjLfmRvvVgDCw+dyvEHDaRfHuKA5q0Pr0/JW0Gcw89TxrxrS/MjwBvluQ==",
        "dependencies": {
          "Microsoft.CodeAnalysis.Analyzers": "5.3.0-2.25625.1",
          "Microsoft.CodeAnalysis.Common": "[5.3.0]",
          "System.Buffers": "4.6.0",
          "System.Collections.Immutable": "9.0.0",
          "System.Memory": "4.6.0",
          "System.Numerics.Vectors": "4.6.0",
          "System.Reflection.Metadata": "9.0.0",
          "System.Runtime.CompilerServices.Unsafe": "6.1.0",
          "System.Text.Encoding.CodePages": "8.0.0",
          "System.Threading.Tasks.Extensions": "4.6.0"
        },
        "nupkgSha512": "sha512-TD8ulDx0+qjf3oi5gcToiNaxVGzn0rsPN0hCQOq+skYGgugKGLVl8obs0KxrxAOx2xkjySbOcEBumgJ0uhzzgA=="
      },
      "System.Text.Json": {
        "type": "Direct",
        "requested": "[10.0.4, )",
        "resolved": "10.0.4",
        "contentHash": "1tRPRt8D/kzjGL7em1uJ3iJlvVIC3G/sZJ+ZgSvtVYLXGGO26Clkqy2b5uts/pyR706Yw8/xA7exeI2PI50dpw==",
        "dependencies": {
          "Microsoft.Bcl.AsyncInterfaces": "10.0.4",
          "System.Buffers": "4.6.1",
          "System.IO.Pipelines": "10.0.4",
          "System.Memory": "4.6.3",
          "System.Runtime.CompilerServices.Unsafe": "6.1.2",
          "System.Text.Encodings.Web": "10.0.4",
          "System.Threading.Tasks.Extensions": "4.6.3"
        },
        "nupkgSha512": "sha512-Tt53i9KJuqZAxEDKlFzq6+Esn2qJr3A8bWljNRCVwJMzwYmgTmUBeC2uW5Sxn8i+/OqrC1xaSS2x98gD61Vxeg=="
      },
      "Microsoft.Bcl.AsyncInterfaces": {
        "type": "Transitive",
        "resolved": "10.0.4",
        "contentHash": "2JmoSZ1wDf1/TUyTtLTXeicXCnWxXkeStGnzRRmAw+5CBIGhg6q9ieJXu4FjeLzawSGd5PMhcropNa3lPJDaKA==",
        "dependencies": {
          "System.Threading.Tasks.Extensions": "4.6.3"
        },
        "nupkgSha512": "sha512-efIuxkDN8UBxkhaw7GkWUKHmPvqKrRcWOGF3Hum5fgpkNrx8L6SxZtKYOqLQEcr0rlG4y1DRtIeIfS/XUQL98w=="
      },
      "Microsoft.CodeAnalysis.Common": {
        "type": "Transitive",
        "resolved": "5.3.0",
        "contentHash": "uC0qk3jzTQY7i90ehfnCqaOZpBUGJyPMiHJ3c0jOb8yaPBjWzIhVdNxPbeVzI74DB0C+YgBKPLqUkgFZzua5Mg==",
        "dependencies": {
          "Microsoft.CodeAnalysis.Analyzers": "5.3.0-2.25625.1",
          "System.Buffers": "4.6.0",
          "System.Collections.Immutable": "9.0.0",
          "System.Memory": "4.6.0",
          "System.Numerics.Vectors": "4.6.0",
          "System.Reflection.Metadata": "9.0.0",
          "System.Runtime.CompilerServices.Unsafe": "6.1.0",
          "System.Text.Encoding.CodePages": "8.0.0",
          "System.Threading.Tasks.Extensions": "4.6.0"
        },
        "nupkgSha512": "sha512-lt42ETYkJrzJrf99jQ9n7xnanR/ETh92o6LX03kTjQKfKFrJGm5/+4OQJyIz8Kj4/ClbeZ3kvxytsyds4jQ5Tg=="
      },
      "System.Collections.Immutable": {
        "type": "Transitive",
        "resolved": "9.0.0",
        "contentHash": "QhkXUl2gNrQtvPmtBTQHb0YsUrDiDQ2QS09YbtTTiSjGcf7NBqtYbrG/BE06zcBPCKEwQGzIv13IVdXNOSub2w==",
        "dependencies": {
          "System.Memory": "4.5.5",
          "System.Runtime.CompilerServices.Unsafe": "6.0.0"
        },
        "nupkgSha512": "sha512-z/Oo7nxWmZ0Y578vj8EUVrFJZ3DX6OMuUGlgeYgeeUZOFGT89XfaM8fDFMvJy6+mOIqW6ux5NdNzEnlTnQGJ7A=="
      },
      "System.IO.Pipelines": {
        "type": "Transitive",
        "resolved": "10.0.4",
        "contentHash": "V7+RO17s/tzCpgqyj6t5vb54HFCvrRaMEwTcKDwpoQK66DRROzSff6kqtzHyiWRj6hrQQUmW80NL4pFSNhYpYA==",
        "dependencies": {
          "System.Buffers": "4.6.1",
          "System.Memory": "4.6.3",
          "System.Threading.Tasks.Extensions": "4.6.3"
        },
        "nupkgSha512": "sha512-oWodtWUMi2TEPKIXb2HPDm2uIdOG5hca2tKx90KZ/X8BpzVtYvB2R5V9JzgU9LMgGwbaqMGeGT33LMENWMuZ3Q=="
      },
      "System.Reflection.Metadata": {
        "type": "Transitive",
        "resolved": "9.0.0",
        "contentHash": "ANiqLu3DxW9kol/hMmTWbt3414t9ftdIuiIU7j80okq2YzAueo120M442xk1kDJWtmZTqWQn7wHDvMRipVOEOQ==",
        "dependencies": {
          "System.Collections.Immutable": "9.0.0",
          "System.Memory": "4.5.5"
        },
        "nupkgSha512": "sha512-jz+Y2m/CpdPvdjCNRigiWJYKFusdkfJlxDx4V5cWX2TubAMaz5CZpODBD/P2+20SpWvmZG6J3UYjl+R2Yg7yFw=="
      },
      "System.Text.Encoding.CodePages": {
        "type": "Transitive",
        "resolved": "8.0.0",
        "contentHash": "OZIsVplFGaVY90G2SbpgU7EnCoOO5pw1t4ic21dBF3/1omrJFpAGoNAVpPyMVOC90/hvgkGG3VFqR13YgZMQfg==",
        "dependencies": {
          "System.Memory": "4.5.5",
          "System.Runtime.CompilerServices.Unsafe": "6.0.0"
        },
        "nupkgSha512": "sha512-d9rfaxpz7u+1BQem129eOiDgrn0/VQw0kmWuTg1V8K5PDvG0G+CN2BB5io4B27p04sqsdGtRWLjiPXIlI9Rz7Q=="
      },
      "System.Text.Encodings.Web": {
        "type": "Transitive",
        "resolved": "10.0.4",
        "contentHash": "6g3B7jNsPRNf4luuYt1qE4R8S3JI+zMsfGWL9Idv4Mk1Z9Gh+rCagp9sG3AejPS87yBj1DjopM4i3wSz0WnEqg==",
        "dependencies": {
          "System.Buffers": "4.6.1",
          "System.Memory": "4.6.3",
          "System.Runtime.CompilerServices.Unsafe": "6.1.2"
        },
        "nupkgSha512": "sha512-QZOI99yS10fiXCZKXgEMonNT9WsfeFenirTVBTTuFkeDI8PmtUsGvp8evYPbjXWthaxxo9rw5XuGUUvEZDE++A=="
      },
      "System.Threading.Tasks.Extensions": {
        "type": "Transitive",
        "resolved": "4.6.3",
        "contentHash": "7sCiwilJLYbTZELaKnc7RecBBXWXA+xMLQWZKWawBxYjp6DBlSE3v9/UcvKBvr1vv2tTOhipiogM8rRmxlhrVA==",
        "dependencies": {
          "System.Runtime.CompilerServices.Unsafe": "6.1.2"
        },
        "nupkgSha512": "sha512-zWRHXIBnbfzQE1SamNoW9X5NjEcW/JNAtvVxGKd3bcg71wQVmoI3pDq+WUa2A+temXSNCm7707hmAFwwcYlK0A=="
      }
    },
    "net10.0": {
      "Microsoft.NET.ILLink.Tasks": {
        "type": "Direct",
        "requested": "[10.0.0, )",
        "resolved": "10.0.0",
        "contentHash": "kICGrGYEzCNI3wPzfEXcwNHgTvlvVn9yJDhSdRK+oZQy4jvYH529u7O0xf5ocQKzOMjfS07+3z9PKRIjrFMJDA==",
        "nupkgSha512": "sha512-nmdgBAyTi4gyuP18U9I7JhVSC31+mZyyQQzmldKxkaVQCB5mcPjgvnfkJCQjN84VRFE++hXW0xBqPSbUuny0QQ=="
      },
      "Microsoft.SourceLink.GitHub": {
        "type": "Direct",
        "requested": "[10.0.200, )",
        "resolved": "10.0.200",
        "contentHash": "jZ34WRkUOZJX5V0FPhZJqtWSY+YB6/Vuuam1LGUwRzyYiRgs5qpAHHcrsckHCISjxXklGPwqh8j8t1g460PG1g==",
        "dependencies": {
          "Microsoft.Build.Tasks.Git": "10.0.200",
          "Microsoft.SourceLink.Common": "10.0.200",
          "System.IO.Hashing": "10.0.4"
        },
        "nupkgSha512": "sha512-wmDYH+gPGflbg1JJ8CSG8O4zl/DyewmKMw/8hq7aU37D6c2rTh3Sv7h/gfDa0WrYlwrLRjP7LOtxHvP++XYMOA=="
      },
      "MinVer": {
        "type": "Direct",
        "requested": "[7.0.0, )",
        "resolved": "7.0.0",
        "contentHash": "2lMTCQl5bGP4iv0JNkockPnyllC6eHLz+CoK2ICvalvHod+exXSxueu9hq+zNkU7bZBJf8wMfeRC/Edn8AGmEg==",
        "nupkgSha512": "sha512-y6bHmVna6XputVcL573+MPYpANfuD47ihdQU/5Sorw6PBYdPgtXrr1qTk8UMR7WGFJvlFUZY7W5skwfll/KvCQ=="
      },
      "Roslynator.Analyzers": {
        "type": "Direct",
        "requested": "[4.15.0, )",
        "resolved": "4.15.0",
        "contentHash": "E8fu71Y+vzhniJKy1K13Rzwm8Vjcj7CDFBpflqncKUZfc3SzuF0kMBiyMmgXNPkjWTdE3Z+30HlGgYjHONZY/Q==",
        "nupkgSha512": "sha512-xRJQH6MW5XphhAwGCXfh+/qJFcb7x/0VoX8y9dJjDHU4609CFDL6ARemlKBLZQy4j56EGVVMigGBtFSG3IPDfw=="
      },
      "Wcwidth.Sources": {
        "type": "Direct",
        "requested": "[4.0.1, )",
        "resolved": "4.0.1",
        "contentHash": "LwdI2GZl7VRDj3AoKgBlRAWtvq8WECa/9RnUVUQ0ud5gAD6QMVlzc71eqLu9EJVSX7DZ2/lB5y2DPdQPeOuRUQ==",
        "nupkgSha512": "sha512-XphSDeLoiKZRWqVKlH5PvUI667NTKvnjoEi+MfZ/c2DYkDfq/e0Gv1YK78CYR767slxVK3wnXYujNNrSSEfrGA=="
      },
      "Microsoft.Build.Tasks.Git": {
        "type": "Transitive",
        "resolved": "10.0.200",
        "contentHash": "UvGsrIcmqICxi0OiQ3ekgXVM9DJQQG0dkhxvp0RNkv4aH5zAbjX0/LWgz64SrkQS2mme+1dz2pMnM/R4vOI1AQ==",
        "dependencies": {
          "System.IO.Hashing": "10.0.4"
        },
        "nupkgSha512": "sha512-NGn2H6brRMgMwXi2lTga3uKma1t/qUjec8d3ItMk2p40i4QDz8nRgfDNFmOYD4npSEil1q8s9sdR5OcZ1vI0Uw=="
      },
      "Microsoft.SourceLink.Common": {
        "type": "Transitive",
        "resolved": "10.0.200",
        "contentHash": "FxaSq+pMA7BS5dA5DXs0FscrvYzi6Rtm/zcU/ZMHV22lMIk07jz0WZdrWERQ9TJNARkne+z1Coow/a0w5Wl4yQ==",
        "nupkgSha512": "sha512-g71DxxVaBX/y0nlLlVAtrxcR9K9z4H2IOWQs3FzCPbASW+uD8Hlxq1NLkDhg8S0kBVF9rcODcNbGvIZMGkpOFg=="
      },
      "System.IO.Hashing": {
        "type": "Transitive",
        "resolved": "10.0.4",
        "contentHash": "D5nHu/rBFu2mUyqyWWCTPxqvQisJKIqK/GU3X6BQbYIFYBDHTvUXToyv0oSszS26/6oTghWiA+oGqhgwGgTefw==",
        "nupkgSha512": "sha512-flCdWhCrfcpBSif9R3bwtsIwQP2MY4TcUJ0/zlQafnW9A7vSW7QXnt4WJT5aYYmock2AHIVRsWrYSeLIVuCoQg=="
      }
    },
    "net8.0": {
      "Microsoft.NET.ILLink.Tasks": {
        "type": "Direct",
        "requested": "[8.0.22, )",
        "resolved": "8.0.22",
        "contentHash": "MhcMithKEiyyNkD2ZfbDZPmcOdi0GheGfg8saEIIEfD/fol3iHmcV8TsZkD4ZYz5gdUuoX4YtlVySUU7Sxl9SQ==",
        "nupkgSha512": "sha512-iYmOLnweVM6lBYOPad9V+6jshSD3SW+OTebTEo3o3sFuvQMjxyj8c9JfjUStrWbZJZoqqMwt8y23ePFdImtahg=="
      },
      "Microsoft.SourceLink.GitHub": {
        "type": "Direct",
        "requested": "[10.0.200, )",
        "resolved": "10.0.200",
        "contentHash": "jZ34WRkUOZJX5V0FPhZJqtWSY+YB6/Vuuam1LGUwRzyYiRgs5qpAHHcrsckHCISjxXklGPwqh8j8t1g460PG1g==",
        "dependencies": {
          "Microsoft.Build.Tasks.Git": "10.0.200",
          "Microsoft.SourceLink.Common": "10.0.200",
          "System.IO.Hashing": "10.0.4"
        },
        "nupkgSha512": "sha512-wmDYH+gPGflbg1JJ8CSG8O4zl/DyewmKMw/8hq7aU37D6c2rTh3Sv7h/gfDa0WrYlwrLRjP7LOtxHvP++XYMOA=="
      },
      "MinVer": {
        "type": "Direct",
        "requested": "[7.0.0, )",
        "resolved": "7.0.0",
        "contentHash": "2lMTCQl5bGP4iv0JNkockPnyllC6eHLz+CoK2ICvalvHod+exXSxueu9hq+zNkU7bZBJf8wMfeRC/Edn8AGmEg==",
        "nupkgSha512": "sha512-y6bHmVna6XputVcL573+MPYpANfuD47ihdQU/5Sorw6PBYdPgtXrr1qTk8UMR7WGFJvlFUZY7W5skwfll/KvCQ=="
      },
      "Roslynator.Analyzers": {
        "type": "Direct",
        "requested": "[4.15.0, )",
        "resolved": "4.15.0",
        "contentHash": "E8fu71Y+vzhniJKy1K13Rzwm8Vjcj7CDFBpflqncKUZfc3SzuF0kMBiyMmgXNPkjWTdE3Z+30HlGgYjHONZY/Q==",
        "nupkgSha512": "sha512-xRJQH6MW5XphhAwGCXfh+/qJFcb7x/0VoX8y9dJjDHU4609CFDL6ARemlKBLZQy4j56EGVVMigGBtFSG3IPDfw=="
      },
      "Wcwidth.Sources": {
        "type": "Direct",
        "requested": "[4.0.1, )",
        "resolved": "4.0.1",
        "contentHash": "LwdI2GZl7VRDj3AoKgBlRAWtvq8WECa/9RnUVUQ0ud5gAD6QMVlzc71eqLu9EJVSX7DZ2/lB5y2DPdQPeOuRUQ==",
        "nupkgSha512": "sha512-XphSDeLoiKZRWqVKlH5PvUI667NTKvnjoEi+MfZ/c2DYkDfq/e0Gv1YK78CYR767slxVK3wnXYujNNrSSEfrGA=="
      },
      "Microsoft.Build.Tasks.Git": {
        "type": "Transitive",
        "resolved": "10.0.200",
        "contentHash": "UvGsrIcmqICxi0OiQ3ekgXVM9DJQQG0dkhxvp0RNkv4aH5zAbjX0/LWgz64SrkQS2mme+1dz2pMnM/R4vOI1AQ==",
        "dependencies": {
          "System.IO.Hashing": "10.0.4"
        },
        "nupkgSha512": "sha512-NGn2H6brRMgMwXi2lTga3uKma1t/qUjec8d3ItMk2p40i4QDz8nRgfDNFmOYD4npSEil1q8s9sdR5OcZ1vI0Uw=="
      },
      "Microsoft.SourceLink.Common": {
        "type": "Transitive",
        "resolved": "10.0.200",
        "contentHash": "FxaSq+pMA7BS5dA5DXs0FscrvYzi6Rtm/zcU/ZMHV22lMIk07jz0WZdrWERQ9TJNARkne+z1Coow/a0w5Wl4yQ==",
        "nupkgSha512": "sha512-g71DxxVaBX/y0nlLlVAtrxcR9K9z4H2IOWQs3FzCPbASW+uD8Hlxq1NLkDhg8S0kBVF9rcODcNbGvIZMGkpOFg=="
      },
      "System.IO.Hashing": {
        "type": "Transitive",
        "resolved": "10.0.4",
        "contentHash": "D5nHu/rBFu2mUyqyWWCTPxqvQisJKIqK/GU3X6BQbYIFYBDHTvUXToyv0oSszS26/6oTghWiA+oGqhgwGgTefw==",
        "nupkgSha512": "sha512-flCdWhCrfcpBSif9R3bwtsIwQP2MY4TcUJ0/zlQafnW9A7vSW7QXnt4WJT5aYYmock2AHIVRsWrYSeLIVuCoQg=="
      }
    },
    "net9.0": {
      "Microsoft.NET.ILLink.Tasks": {
        "type": "Direct",
        "requested": "[9.0.11, )",
        "resolved": "9.0.11",
        "contentHash": "vvB9rtDmWaXgYkViT00KORBVmA3pcYsHlgd9vOPqL9sf5bKy3rvLMF1+sI1uUfVj28S3itirHlHmX5/kcpZKNw==",
        "nupkgSha512": "sha512-agNcCSp6KndtdjAKzC7uBkZRLQuVjPKLoa8lgnWE61QLnthODtIN3ylyIpG/Ds+lUg37NBcIXC6gQdu7E6/VAA=="
      },
      "Microsoft.SourceLink.GitHub": {
        "type": "Direct",
        "requested": "[10.0.200, )",
        "resolved": "10.0.200",
        "contentHash": "jZ34WRkUOZJX5V0FPhZJqtWSY+YB6/Vuuam1LGUwRzyYiRgs5qpAHHcrsckHCISjxXklGPwqh8j8t1g460PG1g==",
        "dependencies": {
          "Microsoft.Build.Tasks.Git": "10.0.200",
          "Microsoft.SourceLink.Common": "10.0.200",
          "System.IO.Hashing": "10.0.4"
        },
        "nupkgSha512": "sha512-wmDYH+gPGflbg1JJ8CSG8O4zl/DyewmKMw/8hq7aU37D6c2rTh3Sv7h/gfDa0WrYlwrLRjP7LOtxHvP++XYMOA=="
      },
      "MinVer": {
        "type": "Direct",
        "requested": "[7.0.0, )",
        "resolved": "7.0.0",
        "contentHash": "2lMTCQl5bGP4iv0JNkockPnyllC6eHLz+CoK2ICvalvHod+exXSxueu9hq+zNkU7bZBJf8wMfeRC/Edn8AGmEg==",
        "nupkgSha512": "sha512-y6bHmVna6XputVcL573+MPYpANfuD47ihdQU/5Sorw6PBYdPgtXrr1qTk8UMR7WGFJvlFUZY7W5skwfll/KvCQ=="
      },
      "Roslynator.Analyzers": {
        "type": "Direct",
        "requested": "[4.15.0, )",
        "resolved": "4.15.0",
        "contentHash": "E8fu71Y+vzhniJKy1K13Rzwm8Vjcj7CDFBpflqncKUZfc3SzuF0kMBiyMmgXNPkjWTdE3Z+30HlGgYjHONZY/Q==",
        "nupkgSha512": "sha512-xRJQH6MW5XphhAwGCXfh+/qJFcb7x/0VoX8y9dJjDHU4609CFDL6ARemlKBLZQy4j56EGVVMigGBtFSG3IPDfw=="
      },
      "Wcwidth.Sources": {
        "type": "Direct",
        "requested": "[4.0.1, )",
        "resolved": "4.0.1",
        "contentHash": "LwdI2GZl7VRDj3AoKgBlRAWtvq8WECa/9RnUVUQ0ud5gAD6QMVlzc71eqLu9EJVSX7DZ2/lB5y2DPdQPeOuRUQ==",
        "nupkgSha512": "sha512-XphSDeLoiKZRWqVKlH5PvUI667NTKvnjoEi+MfZ/c2DYkDfq/e0Gv1YK78CYR767slxVK3wnXYujNNrSSEfrGA=="
      },
      "Microsoft.Build.Tasks.Git": {
        "type": "Transitive",
        "resolved": "10.0.200",
        "contentHash": "UvGsrIcmqICxi0OiQ3ekgXVM9DJQQG0dkhxvp0RNkv4aH5zAbjX0/LWgz64SrkQS2mme+1dz2pMnM/R4vOI1AQ==",
        "dependencies": {
          "System.IO.Hashing": "10.0.4"
        },
        "nupkgSha512": "sha512-NGn2H6brRMgMwXi2lTga3uKma1t/qUjec8d3ItMk2p40i4QDz8nRgfDNFmOYD4npSEil1q8s9sdR5OcZ1vI0Uw=="
      },
      "Microsoft.SourceLink.Common": {
        "type": "Transitive",
        "resolved": "10.0.200",
        "contentHash": "FxaSq+pMA7BS5dA5DXs0FscrvYzi6Rtm/zcU/ZMHV22lMIk07jz0WZdrWERQ9TJNARkne+z1Coow/a0w5Wl4yQ==",
        "nupkgSha512": "sha512-g71DxxVaBX/y0nlLlVAtrxcR9K9z4H2IOWQs3FzCPbASW+uD8Hlxq1NLkDhg8S0kBVF9rcODcNbGvIZMGkpOFg=="
      },
      "System.IO.Hashing": {
        "type": "Transitive",
        "resolved": "10.0.4",
        "contentHash": "D5nHu/rBFu2mUyqyWWCTPxqvQisJKIqK/GU3X6BQbYIFYBDHTvUXToyv0oSszS26/6oTghWiA+oGqhgwGgTefw==",
        "nupkgSha512": "sha512-flCdWhCrfcpBSif9R3bwtsIwQP2MY4TcUJ0/zlQafnW9A7vSW7QXnt4WJT5aYYmock2AHIVRsWrYSeLIVuCoQg=="
      }
    }
  }
}